
Microsoft Visual Studio Solution File, Format Version 12.00
# Visual Studio Version 16
VisualStudioVersion = 16.0.30711.63
MinimumVisualStudioVersion = 10.0.40219.1
Project("{8BC9CEB8-8B4A-11D0-8D11-00A0C91BC942}") = "LabProject03", "LabProject03\LabProject03.vcxproj", "{2A8EA46A-972A-47E7-B3EC-D4F15661BFEF}"
EndProject
Project("{8BC9CEB8-8B4A-11D0-8D11-00A0C91BC942}") = "LabProject02", "LabProject02\LabProject02.vcxproj", "{5AEFE822-EA74-4218-8F59-8DE3E5A7C126}"
EndProject
Global
	GlobalSection(SolutionConfigurationPlatforms) = preSolution
		Debug|x64 = Debug|x64
		Debug|x86 = Debug|x86
		Release|x64 = Release|x64
		Release|x86 = Release|x86
	EndGlobalSection
	GlobalSection(ProjectConfigurationPlatforms) = postSolution
		{2A8EA46A-972A-47E7-B3EC-D4F15661BFEF}.Debug|x64.ActiveCfg = Debug|x64
		{2A8EA46A-972A-47E7-B3EC-D4F15661BFEF}.Debug|x64.Build.0 = Debug|x64
		{2A8EA46A-972A-47E7-B3EC-D4F15661BFEF}.Debug|x86.ActiveCfg = Debug|Win32
		{2A8EA46A-972A-47E7-B3EC-D4F15661BFEF}.Debug|x86.Build.0 = Debug|Win32
		{2A8EA46A-972A-47E7-B3EC-D4F15661BFEF}.Release|x64.ActiveCfg = Release|x64
		{2A8EA46A-972A-47E7-B3EC-D4F15661BFEF}.Release|x64.Build.0 = Release|x64
		{2A8EA46A-972A-47E7-B3EC-D4F15661BFEF}.Release|x86.ActiveCfg = Release|Win32
		{2A8EA46A-972A-47E7-B3EC-D4F15661BFEF}.Release|x86.Build.0 = Release|Win32
		{5AEFE822-EA74-4218-8F59-8DE3E5A7C126}.Debug|x64.ActiveCfg = Debug|x64
		{5AEFE822-EA74-4218-8F59-8DE3E5A7C126}.Debug|x64.Build.0 = Debug|x64
		{5AEFE822-EA74-4218-8F59-8DE3E5A7C126}.Debug|x86.ActiveCfg = Debug|Win32
		{5AEFE822-EA74-4218-8F59-8DE3E5A7C126}.Debug|x86.Build.0 = Debug|Win32
		{5AEFE822-EA74-4218-8F59-8DE3E5A7C126}.Release|x64.ActiveCfg = Release|x64
		{5AEFE822-EA74-4218-8F59-8DE3E5A7C126}.Release|x64.Build.0 = Release|x64
		{5AEFE822-EA74-4218-8F59-8DE3E5A7C126}.Release|x86.ActiveCfg = Release|Win32
		{5AEFE822-EA74-4218-8F59-8DE3E5A7C126}.Release|x86.Build.0 = Release|Win32
	EndGlobalSection
	GlobalSection(SolutionProperties) = preSolution
		HideSolutionNode = FALSE
	EndGlobalSection
	GlobalSection(ExtensibilityGlobals) = postSolution
		SolutionGuid = {79090A3B-A4BB-4270-ACFE-F456D99BD247}
	EndGlobalSection
EndGlobal
